
Microsoft Visual Studio Solution File, Format Version 11.00
# Visual Studio 2010
Project("{FAE04EC0-301F-11D3-BF4B-00C04F79EFBC}") = "unitycar", "Assembly-CSharp-firstpass.csproj", "{33E4DA59-5255-E131-5EF6-EAE940338E12}"
EndProject
Project("{FAE04EC0-301F-11D3-BF4B-00C04F79EFBC}") = "unitycar", "Assembly-CSharp.csproj", "{11BF273C-246D-4AB9-6E23-805298656BC2}"
EndProject
Project("{FAE04EC0-301F-11D3-BF4B-00C04F79EFBC}") = "unitycar", "Assembly-CSharp-Editor-firstpass.csproj", "{07FD34C0-0535-19A5-5E3D-4EDF7A2EE8DE}"
EndProject
Project("{FAE04EC0-301F-11D3-BF4B-00C04F79EFBC}") = "unitycar", "Assembly-CSharp-Editor.csproj", "{0DB00626-107D-2E04-FAF6-10AD218406B2}"
EndProject
Global
	GlobalSection(SolutionConfigurationPlatforms) = preSolution
		Debug|Any CPU = Debug|Any CPU
		Release|Any CPU = Release|Any CPU
	EndGlobalSection
	GlobalSection(ProjectConfigurationPlatforms) = postSolution
		{33E4DA59-5255-E131-5EF6-EAE940338E12}.Debug|Any CPU.ActiveCfg = Debug|Any CPU
		{33E4DA59-5255-E131-5EF6-EAE940338E12}.Debug|Any CPU.Build.0 = Debug|Any CPU
		{33E4DA59-5255-E131-5EF6-EAE940338E12}.Release|Any CPU.ActiveCfg = Release|Any CPU
		{33E4DA59-5255-E131-5EF6-EAE940338E12}.Release|Any CPU.Build.0 = Release|Any CPU
		{11BF273C-246D-4AB9-6E23-805298656BC2}.Debug|Any CPU.ActiveCfg = Debug|Any CPU
		{11BF273C-246D-4AB9-6E23-805298656BC2}.Debug|Any CPU.Build.0 = Debug|Any CPU
		{11BF273C-246D-4AB9-6E23-805298656BC2}.Release|Any CPU.ActiveCfg = Release|Any CPU
		{11BF273C-246D-4AB9-6E23-805298656BC2}.Release|Any CPU.Build.0 = Release|Any CPU
		{07FD34C0-0535-19A5-5E3D-4EDF7A2EE8DE}.Debug|Any CPU.ActiveCfg = Debug|Any CPU
		{07FD34C0-0535-19A5-5E3D-4EDF7A2EE8DE}.Debug|Any CPU.Build.0 = Debug|Any CPU
		{07FD34C0-0535-19A5-5E3D-4EDF7A2EE8DE}.Release|Any CPU.ActiveCfg = Release|Any CPU
		{07FD34C0-0535-19A5-5E3D-4EDF7A2EE8DE}.Release|Any CPU.Build.0 = Release|Any CPU
		{0DB00626-107D-2E04-FAF6-10AD218406B2}.Debug|Any CPU.ActiveCfg = Debug|Any CPU
		{0DB00626-107D-2E04-FAF6-10AD218406B2}.Debug|Any CPU.Build.0 = Debug|Any CPU
		{0DB00626-107D-2E04-FAF6-10AD218406B2}.Release|Any CPU.ActiveCfg = Release|Any CPU
		{0DB00626-107D-2E04-FAF6-10AD218406B2}.Release|Any CPU.Build.0 = Release|Any CPU
	EndGlobalSection
	GlobalSection(SolutionProperties) = preSolution
		HideSolutionNode = FALSE
	EndGlobalSection
	GlobalSection(MonoDevelopProperties) = preSolution
		StartupItem = Assembly-CSharp.csproj
	EndGlobalSection
EndGlobal
